
Microsoft Visual Studio Solution File, Format Version 12.00
# Visual Studio Version 17
VisualStudioVersion = 17.10.35004.147
MinimumVisualStudioVersion = 10.0.40219.1
Project("{FAE04EC0-301F-11D3-BF4B-00C04F79EFBC}") = "compile", "compile\compile.csproj", "{358F8BCE-41F4-43B1-8669-DB442DE3C386}"
EndProject
Global
	GlobalSection(SolutionConfigurationPlatforms) = preSolution
		Debug|Any CPU = Debug|Any CPU
		Release|Any CPU = Release|Any CPU
	EndGlobalSection
	GlobalSection(ProjectConfigurationPlatforms) = postSolution
		{358F8BCE-41F4-43B1-8669-DB442DE3C386}.Debug|Any CPU.ActiveCfg = Debug|Any CPU
		{358F8BCE-41F4-43B1-8669-DB442DE3C386}.Debug|Any CPU.Build.0 = Debug|Any CPU
		{358F8BCE-41F4-43B1-8669-DB442DE3C386}.Release|Any CPU.ActiveCfg = Release|Any CPU
		{358F8BCE-41F4-43B1-8669-DB442DE3C386}.Release|Any CPU.Build.0 = Release|Any CPU
	EndGlobalSection
	GlobalSection(SolutionProperties) = preSolution
		HideSolutionNode = FALSE
	EndGlobalSection
	GlobalSection(ExtensibilityGlobals) = postSolution
		SolutionGuid = {21A1DBF7-3DE1-4E77-B799-6BB8105B0F4B}
	EndGlobalSection
EndGlobal
